{
  "pins" : [
    {
      "identity" : "emailcomposer",
      "kind" : "remoteSourceControl",
      "location" : "https://github.com/gabrieltheodoropoulos/EmailComposer",
      "state" : {
        "branch" : "main",
        "revision" : "6c35d94b4abd760c3d1eb513ea59baabaecad607"
      }
    },
    {
      "identity" : "pzcircularcontrol",
      "kind" : "remoteSourceControl",
      "location" : "https://github.com/zetegy/PZCircularControl.git",
      "state" : {
        "branch" : "master",
        "revision" : "1ccbec964d1589d7662065112353ede98078fc82"
      }
    }
  ],
  "version" : 2
}
